
Microsoft Visual Studio Solution File, Format Version 12.00
# Visual Studio Version 17
VisualStudioVersion = 17.7.34031.279
MinimumVisualStudioVersion = 10.0.40219.1
Project("{FAE04EC0-301F-11D3-BF4B-00C04F79EFBC}") = "Calculadora", "Calculadora\Calculadora.csproj", "{1580408C-4EEB-4899-9851-F21ED2D33502}"
EndProject
Global
	GlobalSection(SolutionConfigurationPlatforms) = preSolution
		Debug|Any CPU = Debug|Any CPU
		Release|Any CPU = Release|Any CPU
	EndGlobalSection
	GlobalSection(ProjectConfigurationPlatforms) = postSolution
		{1580408C-4EEB-4899-9851-F21ED2D33502}.Debug|Any CPU.ActiveCfg = Debug|Any CPU
		{1580408C-4EEB-4899-9851-F21ED2D33502}.Debug|Any CPU.Build.0 = Debug|Any CPU
		{1580408C-4EEB-4899-9851-F21ED2D33502}.Release|Any CPU.ActiveCfg = Release|Any CPU
		{1580408C-4EEB-4899-9851-F21ED2D33502}.Release|Any CPU.Build.0 = Release|Any CPU
	EndGlobalSection
	GlobalSection(SolutionProperties) = preSolution
		HideSolutionNode = FALSE
	EndGlobalSection
	GlobalSection(ExtensibilityGlobals) = postSolution
		SolutionGuid = {C8849A1A-E41C-434C-940A-044396F5BCA4}
	EndGlobalSection
EndGlobal
